# This file is autogenerated, do not edit; changes may be undone by the next 'dep ensure'.


[[projects]]
  name = "github.com/Sirupsen/logrus"
  packages = ["."]
  revision = "f006c2ac4710855cf0f916dd6b77acf6b048dc6e"
  version = "v1.0.3"

[[projects]]
  branch = "master"
  name = "github.com/aead/chacha20"
  packages = [".","chacha"]
  revision = "8d6ce0550041f9d97e7f15ec27ed489f8bbbb0fb"

[[projects]]
  name = "github.com/certifi/gocertifi"
  packages = ["."]
  revision = "3fd9e1adb12b72d2f3f82191d49be9b93c69f67c"
  version = "2017.07.27"

[[projects]]
  branch = "master"
  name = "github.com/e-dard/netbug"
  packages = ["."]
  revision = "e64d308a0b205c901264e88a10e70d64acb1810d"

[[projects]]
  branch = "master"
  name = "github.com/getsentry/raven-go"
  packages = ["."]
  revision = "d175f85701dfbf44cb0510114c9943e665e60907"

[[projects]]
  name = "github.com/go-chi/chi"
  packages = [".","middleware"]
  revision = "25354a53cca531cb2efd3f1d3c565d90ff04d802"
  version = "v3.1.5"

[[projects]]
  name = "github.com/go-chi/render"
  packages = ["."]
  revision = "9f855fadd4b8cde7773f9ef51f6b2705af239519"
  version = "v1.0.0"

[[projects]]
  branch = "master"
  name = "github.com/hashicorp/golang-lru"
  packages = [".","simplelru"]
  revision = "0a025b7e63adc15a622f29b0b2c4c3848243bbf6"

[[projects]]
  name = "github.com/klauspost/compress"
  packages = ["snappy"]
  revision = "6c8db69c4b49dd4df1fff66996cf556176d0b9bf"
  version = "v1.2.1"

[[projects]]
  name = "github.com/klauspost/cpuid"
  packages = ["."]
  revision = "ae7887de9fa5d2db4eaa8174a7eff2c1ac00f2da"
  version = "v1.1"

[[projects]]
  name = "github.com/klauspost/reedsolomon"
  packages = ["."]
  revision = "0dd0a0e50cf08519ef842f23ad6108552adc31c5"
  version = "v1.4"

[[projects]]
  name = "github.com/longXboy/smux"
  packages = ["."]
  revision = "abf61b8c18388c768a83029dc16c70d2e061ba63"
  version = "v1.0.6"

[[projects]]
  branch = "master"
  name = "github.com/lucas-clemente/aes12"
  packages = ["."]
  revision = "25700e67be5c860bcc999137275b9ef8b65932bd"

[[projects]]
  branch = "master"
  name = "github.com/lucas-clemente/fnv128a"
  packages = ["."]
  revision = "393af48d391698c6ae4219566bfbdfef67269997"

[[projects]]
  branch = "master"
  name = "github.com/lucas-clemente/quic-go"
  packages = [".","ackhandler","congestion","crypto","flowcontrol","frames","handshake","internal/utils","protocol","qerr"]
  revision = "d0fde2b230394074e9ad4276f3cf17f518cf7c6a"

[[projects]]
  branch = "master"
  name = "github.com/lucas-clemente/quic-go-certificates"
  packages = ["."]
  revision = "d2f86524cced5186554df90d92529757d22c1cb6"

[[projects]]
  name = "github.com/pkg/errors"
  packages = ["."]
  revision = "645ef00459ed84a119197bfb8d8205042c6df63d"
  version = "v0.8.0"

[[projects]]
  name = "github.com/satori/go.uuid"
  packages = ["."]
  revision = "879c5887cd475cd7864858769793b2ceb0d44feb"
  version = "v1.1.0"

[[projects]]
  name = "github.com/xtaci/kcp-go"
  packages = ["."]
  revision = "ecbba09f83427b7fefe2e9f9c394f6d92827e1a6"
  version = "v3.18"

[[projects]]
  branch = "master"
  name = "github.com/yvasiyarov/go-metrics"
  packages = ["."]
  revision = "c25f46c4b94079672242ec48a545e7ca9ebe3aec"

[[projects]]
  branch = "master"
  name = "github.com/yvasiyarov/gorelic"
  packages = ["."]
  revision = "ae09aa139a2b7f638e2412baceaceebd41eff115"

[[projects]]
  branch = "master"
  name = "github.com/yvasiyarov/newrelic_platform_go"
  packages = ["."]
  revision = "9c099fbc30e90de5bb5c5f94aa5fd08f2daeaacd"

[[projects]]
  branch = "master"
  name = "golang.org/x/crypto"
  packages = ["blowfish","cast5","curve25519","hkdf","pbkdf2","salsa20","salsa20/salsa","ssh/terminal","tea","twofish","xtea"]
  revision = "eb71ad9bd329b5ac0fd0148dd99bd62e8be8e035"

[[projects]]
  branch = "master"
  name = "golang.org/x/net"
  packages = ["bpf","context","internal/iana","internal/socket","ipv4"]
  revision = "1c05540f6879653db88113bc4a2b70aec4bd491f"

[[projects]]
  branch = "master"
  name = "golang.org/x/sys"
  packages = ["unix","windows"]
  revision = "43e60d72a8e2bd92ee98319ba9a384a0e9837c08"

[[projects]]
  branch = "v2"
  name = "gopkg.in/yaml.v2"
  packages = ["."]
  revision = "eb3733d160e74a9c7e442f435eb3bea458e1d19f"

[solve-meta]
  analyzer-name = "dep"
  analyzer-version = 1
  inputs-digest = "3f966c818a35f8ad4871907b78ff92a012be4d6fbee64da79f948753192da7d9"
  solver-name = "gps-cdcl"
  solver-version = 1
