# This file is autogenerated, do not edit; changes may be undone by the next 'dep ensure'.

memo = "ca3b6113f0c04ca6827826bc459e34022ef3c03f82a4d446bf6c51ed4104fd8f"

[[projects]]
  name = "github.com/Sirupsen/logrus"
  packages = ["."]
  revision = "ba1b36c82c5e05c4f912a88eab0dcd91a171688f"
  version = "v0.11.5"

[[projects]]
  name = "github.com/certifi/gocertifi"
  packages = ["."]
  revision = "a9c833d2837d3b16888d55d5aafa9ffe9afb22b0"
  version = "2017.04.17"

[[projects]]
  branch = "master"
  name = "github.com/e-dard/netbug"
  packages = ["."]
  revision = "e64d308a0b205c901264e88a10e70d64acb1810d"

[[projects]]
  branch = "master"
  name = "github.com/getsentry/raven-go"
  packages = ["."]
  revision = "4fa2ac0d29f801e79a063c0da82d37b5ff2873b2"

[[projects]]
  name = "github.com/gin-gonic/gin"
  packages = ["binding","render"]
  revision = "041ca04a4768ededad44dcc2748f3d47e4b59bde"
  version = "v1.1.3"

[[projects]]
  branch = "master"
  name = "github.com/golang/protobuf"
  packages = ["proto"]
  revision = "7a211bcf3bce0e3f1d74f9894916e6f116ae83b4"

[[projects]]
  branch = "master"
  name = "github.com/klauspost/compress"
  packages = ["snappy"]
  revision = "e80ca55b53e5e6f53deed5c7842e7b7da95e1dc7"

[[projects]]
  name = "github.com/klauspost/cpuid"
  packages = ["."]
  revision = "09cded8978dc9e80714c4d85b0322337b0a1e5e0"
  version = "v1.0"

[[projects]]
  name = "github.com/klauspost/reedsolomon"
  packages = ["."]
  revision = "5abf0ee302ccf4834e84f63ff74eca3e8b88e4e2"
  version = "1.3"

[[projects]]
  branch = "master"
  name = "github.com/longXboy/smux"
  packages = ["."]
  revision = "e3fa4fcc3f033962e39fad06942e48552f8312c2"

[[projects]]
  branch = "master"
  name = "github.com/manucorporat/sse"
  packages = ["."]
  revision = "ee05b128a739a0fb76c7ebd3ae4810c1de808d6d"

[[projects]]
  name = "github.com/mattn/go-isatty"
  packages = ["."]
  revision = "fc9e8d8ef48496124e79ae0df75490096eccf6fe"
  version = "v0.0.2"

[[projects]]
  branch = "master"
  name = "github.com/pkg/errors"
  packages = ["."]
  revision = "c605e284fe17294bda444b34710735b29d1a9d90"

[[projects]]
  name = "github.com/satori/go.uuid"
  packages = ["."]
  revision = "879c5887cd475cd7864858769793b2ceb0d44feb"
  version = "v1.1.0"

[[projects]]
  branch = "master"
  name = "github.com/xtaci/kcp-go"
  packages = ["."]
  revision = "046e70a5d264539b9a176766f2535c1828b10606"

[[projects]]
  branch = "master"
  name = "github.com/yvasiyarov/go-metrics"
  packages = ["."]
  revision = "c25f46c4b94079672242ec48a545e7ca9ebe3aec"

[[projects]]
  branch = "master"
  name = "github.com/yvasiyarov/gorelic"
  packages = ["."]
  revision = "ae09aa139a2b7f638e2412baceaceebd41eff115"

[[projects]]
  branch = "master"
  name = "github.com/yvasiyarov/newrelic_platform_go"
  packages = ["."]
  revision = "9c099fbc30e90de5bb5c5f94aa5fd08f2daeaacd"

[[projects]]
  branch = "master"
  name = "golang.org/x/crypto"
  packages = ["blowfish","cast5","pbkdf2","salsa20","salsa20/salsa","tea","twofish","xtea"]
  revision = "7e9105388ebff089b3f99f0ef676ea55a6da3a7e"

[[projects]]
  branch = "master"
  name = "golang.org/x/net"
  packages = ["bpf","context","internal/iana","internal/socket","ipv4"]
  revision = "7dcfb8076726a3fdd9353b6b8a1f1b6be6811bd6"

[[projects]]
  branch = "master"
  name = "golang.org/x/sys"
  packages = ["unix"]
  revision = "a55a76086885b80f79961eacb876ebd8caf3868d"

[[projects]]
  name = "gopkg.in/gin-gonic/gin.v1"
  packages = ["."]
  revision = "e2212d40c62a98b388a5eb48ecbdcf88534688ba"
  version = "v1.1.4"

[[projects]]
  name = "gopkg.in/go-playground/validator.v8"
  packages = ["."]
  revision = "5f57d2222ad794d0dffb07e664ea05e2ee07d60c"
  version = "v8.18.1"

[[projects]]
  branch = "v2"
  name = "gopkg.in/yaml.v2"
  packages = ["."]
  revision = "cd8b52f8269e0feb286dfeef29f8fe4d5b397e0b"
